
Microsoft Visual Studio Solution File, Format Version 12.00
# Visual Studio 15
VisualStudioVersion = 15.0.28307.421
MinimumVisualStudioVersion = 10.0.40219.1
Project("{FAE04EC0-301F-11D3-BF4B-00C04F79EFBC}") = "ArchiIPTV_Player", "ArchiIPTV_Player\ArchiIPTV_Player.csproj", "{692194B0-8186-430C-B708-FEED68E443B8}"
EndProject
Project("{FAE04EC0-301F-11D3-BF4B-00C04F79EFBC}") = "ArchiIPTV_Player.Tests", "ArchiIPTV_Player.Tests\ArchiIPTV_Player.Tests.csproj", "{1021E10B-70C6-4C79-B086-C5AE5F20DB29}"
EndProject
Global
	GlobalSection(SolutionConfigurationPlatforms) = preSolution
		Debug|Any CPU = Debug|Any CPU
		Release|Any CPU = Release|Any CPU
	EndGlobalSection
	GlobalSection(ProjectConfigurationPlatforms) = postSolution
		{692194B0-8186-430C-B708-FEED68E443B8}.Debug|Any CPU.ActiveCfg = Debug|Any CPU
		{692194B0-8186-430C-B708-FEED68E443B8}.Debug|Any CPU.Build.0 = Debug|Any CPU
		{692194B0-8186-430C-B708-FEED68E443B8}.Release|Any CPU.ActiveCfg = Release|Any CPU
		{692194B0-8186-430C-B708-FEED68E443B8}.Release|Any CPU.Build.0 = Release|Any CPU
		{1021E10B-70C6-4C79-B086-C5AE5F20DB29}.Debug|Any CPU.ActiveCfg = Debug|Any CPU
		{1021E10B-70C6-4C79-B086-C5AE5F20DB29}.Debug|Any CPU.Build.0 = Debug|Any CPU
		{1021E10B-70C6-4C79-B086-C5AE5F20DB29}.Release|Any CPU.ActiveCfg = Release|Any CPU
		{1021E10B-70C6-4C79-B086-C5AE5F20DB29}.Release|Any CPU.Build.0 = Release|Any CPU
	EndGlobalSection
	GlobalSection(SolutionProperties) = preSolution
		HideSolutionNode = FALSE
	EndGlobalSection
	GlobalSection(ExtensibilityGlobals) = postSolution
		SolutionGuid = {69A317C5-45BA-4E4B-B8F1-A1D9AAE0ADE8}
	EndGlobalSection
EndGlobal
